// !$*UTF8*$!
{
	archiveVersion = 1;
	classes = {
	};
	objectVersion = 56;
	objects = {

/* Begin PBXBuildFile section */
		F136499E2B05040D001DF65A /* Appetrizers_appApp.swift in Sources */ = {isa = PBXBuildFile; fileRef = F136499D2B05040D001DF65A /* Appetrizers_appApp.swift */; };
		F13649A02B05040D001DF65A /* ContentView.swift in Sources */ = {isa = PBXBuildFile; fileRef = F136499F2B05040D001DF65A /* ContentView.swift */; };
		F13649A22B05040E001DF65A /* Assets.xcassets in Resources */ = {isa = PBXBuildFile; fileRef = F13649A12B05040E001DF65A /* Assets.xcassets */; };
		F13649A52B05040E001DF65A /* Preview Assets.xcassets in Resources */ = {isa = PBXBuildFile; fileRef = F13649A42B05040E001DF65A /* Preview Assets.xcassets */; };
		F13649AF2B05040E001DF65A /* Appetrizers_appTests.swift in Sources */ = {isa = PBXBuildFile; fileRef = F13649AE2B05040E001DF65A /* Appetrizers_appTests.swift */; };
		F13649B92B05040E001DF65A /* Appetrizers_appUITests.swift in Sources */ = {isa = PBXBuildFile; fileRef = F13649B82B05040E001DF65A /* Appetrizers_appUITests.swift */; };
		F13649BB2B05040E001DF65A /* Appetrizers_appUITestsLaunchTests.swift in Sources */ = {isa = PBXBuildFile; fileRef = F13649BA2B05040E001DF65A /* Appetrizers_appUITestsLaunchTests.swift */; };
/* End PBXBuildFile section */

/* Begin PBXContainerItemProxy section */
		F13649AB2B05040E001DF65A /* PBXContainerItemProxy */ = {
			isa = PBXContainerItemProxy;
			containerPortal = F13649922B05040D001DF65A /* Project object */;
			proxyType = 1;
			remoteGlobalIDString = F13649992B05040D001DF65A;
			remoteInfo = "Appetrizers-app";
		};
		F13649B52B05040E001DF65A /* PBXContainerItemProxy */ = {
			isa = PBXContainerItemProxy;
			containerPortal = F13649922B05040D001DF65A /* Project object */;
			proxyType = 1;
			remoteGlobalIDString = F13649992B05040D001DF65A;
			remoteInfo = "Appetrizers-app";
		};
/* End PBXContainerItemProxy section */

/* Begin PBXFileReference section */
		F136499A2B05040D001DF65A /* Appetrizers-app.app */ = {isa = PBXFileReference; explicitFileType = wrapper.application; includeInIndex = 0; path = "Appetrizers-app.app"; sourceTree = BUILT_PRODUCTS_DIR; };
		F136499D2B05040D001DF65A /* Appetrizers_appApp.swift */ = {isa = PBXFileReference; lastKnownFileType = sourcecode.swift; path = Appetrizers_appApp.swift; sourceTree = "<group>"; };
		F136499F2B05040D001DF65A /* ContentView.swift */ = {isa = PBXFileReference; lastKnownFileType = sourcecode.swift; path = ContentView.swift; sourceTree = "<group>"; };
		F13649A12B05040E001DF65A /* Assets.xcassets */ = {isa = PBXFileReference; lastKnownFileType = folder.assetcatalog; path = Assets.xcassets; sourceTree = "<group>"; };
		F13649A42B05040E001DF65A /* Preview Assets.xcassets */ = {isa = PBXFileReference; lastKnownFileType = folder.assetcatalog; path = "Preview Assets.xcassets"; sourceTree = "<group>"; };
		F13649AA2B05040E001DF65A /* Appetrizers-appTests.xctest */ = {isa = PBXFileReference; explicitFileType = wrapper.cfbundle; includeInIndex = 0; path = "Appetrizers-appTests.xctest"; sourceTree = BUILT_PRODUCTS_DIR; };
		F13649AE2B05040E001DF65A /* Appetrizers_appTests.swift */ = {isa = PBXFileReference; lastKnownFileType = sourcecode.swift; path = Appetrizers_appTests.swift; sourceTree = "<group>"; };
		F13649B42B05040E001DF65A /* Appetrizers-appUITests.xctest */ = {isa = PBXFileReference; explicitFileType = wrapper.cfbundle; includeInIndex = 0; path = "Appetrizers-appUITests.xctest"; sourceTree = BUILT_PRODUCTS_DIR; };
		F13649B82B05040E001DF65A /* Appetrizers_appUITests.swift */ = {isa = PBXFileReference; lastKnownFileType = sourcecode.swift; path = Appetrizers_appUITests.swift; sourceTree = "<group>"; };
		F13649BA2B05040E001DF65A /* Appetrizers_appUITestsLaunchTests.swift */ = {isa = PBXFileReference; lastKnownFileType = sourcecode.swift; path = Appetrizers_appUITestsLaunchTests.swift; sourceTree = "<group>"; };
/* End PBXFileReference section */

/* Begin PBXFrameworksBuildPhase section */
		F13649972B05040D001DF65A /* Frameworks */ = {
			isa = PBXFrameworksBuildPhase;
			buildActionMask = 2147483647;
			files = (
			);
			runOnlyForDeploymentPostprocessing = 0;
		};
		F13649A72B05040E001DF65A /* Frameworks */ = {
			isa = PBXFrameworksBuildPhase;
			buildActionMask = 2147483647;
			files = (
			);
			runOnlyForDeploymentPostprocessing = 0;
		};
		F13649B12B05040E001DF65A /* Frameworks */ = {
			isa = PBXFrameworksBuildPhase;
			buildActionMask = 2147483647;
			files = (
			);
			runOnlyForDeploymentPostprocessing = 0;
		};
/* End PBXFrameworksBuildPhase section */

/* Begin PBXGroup section */
		F13649912B05040D001DF65A = {
			isa = PBXGroup;
			children = (
				F136499C2B05040D001DF65A /* Appetrizers-app */,
				F13649AD2B05040E001DF65A /* Appetrizers-appTests */,
				F13649B72B05040E001DF65A /* Appetrizers-appUITests */,
				F136499B2B05040D001DF65A /* Products */,
			);
			sourceTree = "<group>";
		};
		F136499B2B05040D001DF65A /* Products */ = {
			isa = PBXGroup;
			children = (
				F136499A2B05040D001DF65A /* Appetrizers-app.app */,
				F13649AA2B05040E001DF65A /* Appetrizers-appTests.xctest */,
				F13649B42B05040E001DF65A /* Appetrizers-appUITests.xctest */,
			);
			name = Products;
			sourceTree = "<group>";
		};
		F136499C2B05040D001DF65A /* Appetrizers-app */ = {
			isa = PBXGroup;
			children = (
				F136499D2B05040D001DF65A /* Appetrizers_appApp.swift */,
				F136499F2B05040D001DF65A /* ContentView.swift */,
				F13649A12B05040E001DF65A /* Assets.xcassets */,
				F13649A32B05040E001DF65A /* Preview Content */,
			);
			path = "Appetrizers-app";
			sourceTree = "<group>";
		};
		F13649A32B05040E001DF65A /* Preview Content */ = {
			isa = PBXGroup;
			children = (
				F13649A42B05040E001DF65A /* Preview Assets.xcassets */,
			);
			path = "Preview Content";
			sourceTree = "<group>";
		};
		F13649AD2B05040E001DF65A /* Appetrizers-appTests */ = {
			isa = PBXGroup;
			children = (
				F13649AE2B05040E001DF65A /* Appetrizers_appTests.swift */,
			);
			path = "Appetrizers-appTests";
			sourceTree = "<group>";
		};
		F13649B72B05040E001DF65A /* Appetrizers-appUITests */ = {
			isa = PBXGroup;
			children = (
				F13649B82B05040E001DF65A /* Appetrizers_appUITests.swift */,
				F13649BA2B05040E001DF65A /* Appetrizers_appUITestsLaunchTests.swift */,
			);
			path = "Appetrizers-appUITests";
			sourceTree = "<group>";
		};
/* End PBXGroup section */

/* Begin PBXNativeTarget section */
		F13649992B05040D001DF65A /* Appetrizers-app */ = {
			isa = PBXNativeTarget;
			buildConfigurationList = F13649BE2B05040E001DF65A /* Build configuration list for PBXNativeTarget "Appetrizers-app" */;
			buildPhases = (
				F13649962B05040D001DF65A /* Sources */,
				F13649972B05040D001DF65A /* Frameworks */,
				F13649982B05040D001DF65A /* Resources */,
			);
			buildRules = (
			);
			dependencies = (
			);
			name = "Appetrizers-app";
			productName = "Appetrizers-app";
			productReference = F136499A2B05040D001DF65A /* Appetrizers-app.app */;
			productType = "com.apple.product-type.application";
		};
		F13649A92B05040E001DF65A /* Appetrizers-appTests */ = {
			isa = PBXNativeTarget;
			buildConfigurationList = F13649C12B05040E001DF65A /* Build configuration list for PBXNativeTarget "Appetrizers-appTests" */;
			buildPhases = (
				F13649A62B05040E001DF65A /* Sources */,
				F13649A72B05040E001DF65A /* Frameworks */,
				F13649A82B05040E001DF65A /* Resources */,
			);
			buildRules = (
			);
			dependencies = (
				F13649AC2B05040E001DF65A /* PBXTargetDependency */,
			);
			name = "Appetrizers-appTests";
			productName = "Appetrizers-appTests";
			productReference = F13649AA2B05040E001DF65A /* Appetrizers-appTests.xctest */;
			productType = "com.apple.product-type.bundle.unit-test";
		};
		F13649B32B05040E001DF65A /* Appetrizers-appUITests */ = {
			isa = PBXNativeTarget;
			buildConfigurationList = F13649C42B05040E001DF65A /* Build configuration list for PBXNativeTarget "Appetrizers-appUITests" */;
			buildPhases = (
				F13649B02B05040E001DF65A /* Sources */,
				F13649B12B05040E001DF65A /* Frameworks */,
				F13649B22B05040E001DF65A /* Resources */,
			);
			buildRules = (
			);
			dependencies = (
				F13649B62B05040E001DF65A /* PBXTargetDependency */,
			);
			name = "Appetrizers-appUITests";
			productName = "Appetrizers-appUITests";
			productReference = F13649B42B05040E001DF65A /* Appetrizers-appUITests.xctest */;
			productType = "com.apple.product-type.bundle.ui-testing";
		};
/* End PBXNativeTarget section */

/* Begin PBXProject section */
		F13649922B05040D001DF65A /* Project object */ = {
			isa = PBXProject;
			attributes = {
				BuildIndependentTargetsInParallel = 1;
				LastSwiftUpdateCheck = 1500;
				LastUpgradeCheck = 1500;
				TargetAttributes = {
					F13649992B05040D001DF65A = {
						CreatedOnToolsVersion = 15.0.1;
					};
					F13649A92B05040E001DF65A = {
						CreatedOnToolsVersion = 15.0.1;
						TestTargetID = F13649992B05040D001DF65A;
					};
					F13649B32B05040E001DF65A = {
						CreatedOnToolsVersion = 15.0.1;
						TestTargetID = F13649992B05040D001DF65A;
					};
				};
			};
			buildConfigurationList = F13649952B05040D001DF65A /* Build configuration list for PBXProject "Appetrizers-app" */;
			compatibilityVersion = "Xcode 14.0";
			developmentRegion = en;
			hasScannedForEncodings = 0;
			knownRegions = (
				en,
				Base,
			);
			mainGroup = F13649912B05040D001DF65A;
			productRefGroup = F136499B2B05040D001DF65A /* Products */;
			projectDirPath = "";
			projectRoot = "";
			targets = (
				F13649992B05040D001DF65A /* Appetrizers-app */,
				F13649A92B05040E001DF65A /* Appetrizers-appTests */,
				F13649B32B05040E001DF65A /* Appetrizers-appUITests */,
			);
		};
/* End PBXProject section */

/* Begin PBXResourcesBuildPhase section */
		F13649982B05040D001DF65A /* Resources */ = {
			isa = PBXResourcesBuildPhase;
			buildActionMask = 2147483647;
			files = (
				F13649A52B05040E001DF65A /* Preview Assets.xcassets in Resources */,
				F13649A22B05040E001DF65A /* Assets.xcassets in Resources */,
			);
			runOnlyForDeploymentPostprocessing = 0;
		};
		F13649A82B05040E001DF65A /* Resources */ = {
			isa = PBXResourcesBuildPhase;
			buildActionMask = 2147483647;
			files = (
			);
			runOnlyForDeploymentPostprocessing = 0;
		};
		F13649B22B05040E001DF65A /* Resources */ = {
			isa = PBXResourcesBuildPhase;
			buildActionMask = 2147483647;
			files = (
			);
			runOnlyForDeploymentPostprocessing = 0;
		};
/* End PBXResourcesBuildPhase section */

/* Begin PBXSourcesBuildPhase section */
		F13649962B05040D001DF65A /* Sources */ = {
			isa = PBXSourcesBuildPhase;
			buildActionMask = 2147483647;
			files = (
				F13649A02B05040D001DF65A /* ContentView.swift in Sources */,
				F136499E2B05040D001DF65A /* Appetrizers_appApp.swift in Sources */,
			);
			runOnlyForDeploymentPostprocessing = 0;
		};
		F13649A62B05040E001DF65A /* Sources */ = {
			isa = PBXSourcesBuildPhase;
			buildActionMask = 2147483647;
			files = (
				F13649AF2B05040E001DF65A /* Appetrizers_appTests.swift in Sources */,
			);
			runOnlyForDeploymentPostprocessing = 0;
		};
		F13649B02B05040E001DF65A /* Sources */ = {
			isa = PBXSourcesBuildPhase;
			buildActionMask = 2147483647;
			files = (
				F13649BB2B05040E001DF65A /* Appetrizers_appUITestsLaunchTests.swift in Sources */,
				F13649B92B05040E001DF65A /* Appetrizers_appUITests.swift in Sources */,
			);
			runOnlyForDeploymentPostprocessing = 0;
		};
/* End PBXSourcesBuildPhase section */

/* Begin PBXTargetDependency section */
		F13649AC2B05040E001DF65A /* PBXTargetDependency */ = {
			isa = PBXTargetDependency;
			target = F13649992B05040D001DF65A /* Appetrizers-app */;
			targetProxy = F13649AB2B05040E001DF65A /* PBXContainerItemProxy */;
		};
		F13649B62B05040E001DF65A /* PBXTargetDependency */ = {
			isa = PBXTargetDependency;
			target = F13649992B05040D001DF65A /* Appetrizers-app */;
			targetProxy = F13649B52B05040E001DF65A /* PBXContainerItemProxy */;
		};
/* End PBXTargetDependency section */

/* Begin XCBuildConfiguration section */
		F13649BC2B05040E001DF65A /* Debug */ = {
			isa = XCBuildConfiguration;
			buildSettings = {
				ALWAYS_SEARCH_USER_PATHS = NO;
				ASSETCATALOG_COMPILER_GENERATE_SWIFT_ASSET_SYMBOL_EXTENSIONS = YES;
				CLANG_ANALYZER_NONNULL = YES;
				CLANG_ANALYZER_NUMBER_OBJECT_CONVERSION = YES_AGGRESSIVE;
				CLANG_CXX_LANGUAGE_STANDARD = "gnu++20";
				CLANG_ENABLE_MODULES = YES;
				CLANG_ENABLE_OBJC_ARC = YES;
				CLANG_ENABLE_OBJC_WEAK = YES;
				CLANG_WARN_BLOCK_CAPTURE_AUTORELEASING = YES;
				CLANG_WARN_BOOL_CONVERSION = YES;
				CLANG_WARN_COMMA = YES;
				CLANG_WARN_CONSTANT_CONVERSION = YES;
				CLANG_WARN_DEPRECATED_OBJC_IMPLEMENTATIONS = YES;
				CLANG_WARN_DIRECT_OBJC_ISA_USAGE = YES_ERROR;
				CLANG_WARN_DOCUMENTATION_COMMENTS = YES;
				CLANG_WARN_EMPTY_BODY = YES;
				CLANG_WARN_ENUM_CONVERSION = YES;
				CLANG_WARN_INFINITE_RECURSION = YES;
				CLANG_WARN_INT_CONVERSION = YES;
				CLANG_WARN_NON_LITERAL_NULL_CONVERSION = YES;
				CLANG_WARN_OBJC_IMPLICIT_RETAIN_SELF = YES;
				CLANG_WARN_OBJC_LITERAL_CONVERSION = YES;
				CLANG_WARN_OBJC_ROOT_CLASS = YES_ERROR;
				CLANG_WARN_QUOTED_INCLUDE_IN_FRAMEWORK_HEADER = YES;
				CLANG_WARN_RANGE_LOOP_ANALYSIS = YES;
				CLANG_WARN_STRICT_PROTOTYPES = YES;
				CLANG_WARN_SUSPICIOUS_MOVE = YES;
				CLANG_WARN_UNGUARDED_AVAILABILITY = YES_AGGRESSIVE;
				CLANG_WARN_UNREACHABLE_CODE = YES;
				CLANG_WARN__DUPLICATE_METHOD_MATCH = YES;
				COPY_PHASE_STRIP = NO;
				DEBUG_INFORMATION_FORMAT = dwarf;
				ENABLE_STRICT_OBJC_MSGSEND = YES;
				ENABLE_TESTABILITY = YES;
				ENABLE_USER_SCRIPT_SANDBOXING = YES;
				GCC_C_LANGUAGE_STANDARD = gnu17;
				GCC_DYNAMIC_NO_PIC = NO;
				GCC_NO_COMMON_BLOCKS = YES;
				GCC_OPTIMIZATION_LEVEL = 0;
				GCC_PREPROCESSOR_DEFINITIONS = (
					"DEBUG=1",
					"$(inherited)",
				);
				GCC_WARN_64_TO_32_BIT_CONVERSION = YES;
				GCC_WARN_ABOUT_RETURN_TYPE = YES_ERROR;
				GCC_WARN_UNDECLARED_SELECTOR = YES;
				GCC_WARN_UNINITIALIZED_AUTOS = YES_AGGRESSIVE;
				GCC_WARN_UNUSED_FUNCTION = YES;
				GCC_WARN_UNUSED_VARIABLE = YES;
				IPHONEOS_DEPLOYMENT_TARGET = 17.0;
				LOCALIZATION_PREFERS_STRING_CATALOGS = YES;
				MTL_ENABLE_DEBUG_INFO = INCLUDE_SOURCE;
				MTL_FAST_MATH = YES;
				ONLY_ACTIVE_ARCH = YES;
				SDKROOT = iphoneos;
				SWIFT_ACTIVE_COMPILATION_CONDITIONS = "DEBUG $(inherited)";
				SWIFT_OPTIMIZATION_LEVEL = "-Onone";
			};
			name = Debug;
		};
		F13649BD2B05040E001DF65A /* Release */ = {
			isa = XCBuildConfiguration;
			buildSettings = {
				ALWAYS_SEARCH_USER_PATHS = NO;
				ASSETCATALOG_COMPILER_GENERATE_SWIFT_ASSET_SYMBOL_EXTENSIONS = YES;
				CLANG_ANALYZER_NONNULL = YES;
				CLANG_ANALYZER_NUMBER_OBJECT_CONVERSION = YES_AGGRESSIVE;
				CLANG_CXX_LANGUAGE_STANDARD = "gnu++20";
				CLANG_ENABLE_MODULES = YES;
				CLANG_ENABLE_OBJC_ARC = YES;
				CLANG_ENABLE_OBJC_WEAK = YES;
				CLANG_WARN_BLOCK_CAPTURE_AUTORELEASING = YES;
				CLANG_WARN_BOOL_CONVERSION = YES;
				CLANG_WARN_COMMA = YES;
				CLANG_WARN_CONSTANT_CONVERSION = YES;
				CLANG_WARN_DEPRECATED_OBJC_IMPLEMENTATIONS = YES;
				CLANG_WARN_DIRECT_OBJC_ISA_USAGE = YES_ERROR;
				CLANG_WARN_DOCUMENTATION_COMMENTS = YES;
				CLANG_WARN_EMPTY_BODY = YES;
				CLANG_WARN_ENUM_CONVERSION = YES;
				CLANG_WARN_INFINITE_RECURSION = YES;
				CLANG_WARN_INT_CONVERSION = YES;
				CLANG_WARN_NON_LITERAL_NULL_CONVERSION = YES;
				CLANG_WARN_OBJC_IMPLICIT_RETAIN_SELF = YES;
				CLANG_WARN_OBJC_LITERAL_CONVERSION = YES;
				CLANG_WARN_OBJC_ROOT_CLASS = YES_ERROR;
				CLANG_WARN_QUOTED_INCLUDE_IN_FRAMEWORK_HEADER = YES;
				CLANG_WARN_RANGE_LOOP_ANALYSIS = YES;
				CLANG_WARN_STRICT_PROTOTYPES = YES;
				CLANG_WARN_SUSPICIOUS_MOVE = YES;
				CLANG_WARN_UNGUARDED_AVAILABILITY = YES_AGGRESSIVE;
				CLANG_WARN_UNREACHABLE_CODE = YES;
				CLANG_WARN__DUPLICATE_METHOD_MATCH = YES;
				COPY_PHASE_STRIP = NO;
				DEBUG_INFORMATION_FORMAT = "dwarf-with-dsym";
				ENABLE_NS_ASSERTIONS = NO;
				ENABLE_STRICT_OBJC_MSGSEND = YES;
				ENABLE_USER_SCRIPT_SANDBOXING = YES;
				GCC_C_LANGUAGE_STANDARD = gnu17;
				GCC_NO_COMMON_BLOCKS = YES;
				GCC_WARN_64_TO_32_BIT_CONVERSION = YES;
				GCC_WARN_ABOUT_RETURN_TYPE = YES_ERROR;
				GCC_WARN_UNDECLARED_SELECTOR = YES;
				GCC_WARN_UNINITIALIZED_AUTOS = YES_AGGRESSIVE;
				GCC_WARN_UNUSED_FUNCTION = YES;
				GCC_WARN_UNUSED_VARIABLE = YES;
				IPHONEOS_DEPLOYMENT_TARGET = 17.0;
				LOCALIZATION_PREFERS_STRING_CATALOGS = YES;
				MTL_ENABLE_DEBUG_INFO = NO;
				MTL_FAST_MATH = YES;
				SDKROOT = iphoneos;
				SWIFT_COMPILATION_MODE = wholemodule;
				VALIDATE_PRODUCT = YES;
			};
			name = Release;
		};
		F13649BF2B05040E001DF65A /* Debug */ = {
			isa = XCBuildConfiguration;
			buildSettings = {
				ASSETCATALOG_COMPILER_APPICON_NAME = AppIcon;
				ASSETCATALOG_COMPILER_GLOBAL_ACCENT_COLOR_NAME = AccentColor;
				CODE_SIGN_STYLE = Automatic;
				CURRENT_PROJECT_VERSION = 1;
				DEVELOPMENT_ASSET_PATHS = "\"Appetrizers-app/Preview Content\"";
				DEVELOPMENT_TEAM = 83CC37N225;
				ENABLE_PREVIEWS = YES;
				GENERATE_INFOPLIST_FILE = YES;
				INFOPLIST_KEY_UIApplicationSceneManifest_Generation = YES;
				INFOPLIST_KEY_UIApplicationSupportsIndirectInputEvents = YES;
				INFOPLIST_KEY_UILaunchScreen_Generation = YES;
				INFOPLIST_KEY_UISupportedInterfaceOrientations_iPad = "UIInterfaceOrientationPortrait UIInterfaceOrientationPortraitUpsideDown UIInterfaceOrientationLandscapeLeft UIInterfaceOrientationLandscapeRight";
				INFOPLIST_KEY_UISupportedInterfaceOrientations_iPhone = "UIInterfaceOrientationPortrait UIInterfaceOrientationLandscapeLeft UIInterfaceOrientationLandscapeRight";
				LD_RUNPATH_SEARCH_PATHS = (
					"$(inherited)",
					"@executable_path/Frameworks",
				);
				MARKETING_VERSION = 1.0;
				PRODUCT_BUNDLE_IDENTIFIER = "com.aryan.Appetrizers-app";
				PRODUCT_NAME = "$(TARGET_NAME)";
				SWIFT_EMIT_LOC_STRINGS = YES;
				SWIFT_VERSION = 5.0;
				TARGETED_DEVICE_FAMILY = "1,2";
			};
			name = Debug;
		};
		F13649C02B05040E001DF65A /* Release */ = {
			isa = XCBuildConfiguration;
			buildSettings = {
				ASSETCATALOG_COMPILER_APPICON_NAME = AppIcon;
				ASSETCATALOG_COMPILER_GLOBAL_ACCENT_COLOR_NAME = AccentColor;
				CODE_SIGN_STYLE = Automatic;
				CURRENT_PROJECT_VERSION = 1;
				DEVELOPMENT_ASSET_PATHS = "\"Appetrizers-app/Preview Content\"";
				DEVELOPMENT_TEAM = 83CC37N225;
				ENABLE_PREVIEWS = YES;
				GENERATE_INFOPLIST_FILE = YES;
				INFOPLIST_KEY_UIApplicationSceneManifest_Generation = YES;
				INFOPLIST_KEY_UIApplicationSupportsIndirectInputEvents = YES;
				INFOPLIST_KEY_UILaunchScreen_Generation = YES;
				INFOPLIST_KEY_UISupportedInterfaceOrientations_iPad = "UIInterfaceOrientationPortrait UIInterfaceOrientationPortraitUpsideDown UIInterfaceOrientationLandscapeLeft UIInterfaceOrientationLandscapeRight";
				INFOPLIST_KEY_UISupportedInterfaceOrientations_iPhone = "UIInterfaceOrientationPortrait UIInterfaceOrientationLandscapeLeft UIInterfaceOrientationLandscapeRight";
				LD_RUNPATH_SEARCH_PATHS = (
					"$(inherited)",
					"@executable_path/Frameworks",
				);
				MARKETING_VERSION = 1.0;
				PRODUCT_BUNDLE_IDENTIFIER = "com.aryan.Appetrizers-app";
				PRODUCT_NAME = "$(TARGET_NAME)";
				SWIFT_EMIT_LOC_STRINGS = YES;
				SWIFT_VERSION = 5.0;
				TARGETED_DEVICE_FAMILY = "1,2";
			};
			name = Release;
		};
		F13649C22B05040E001DF65A /* Debug */ = {
			isa = XCBuildConfiguration;
			buildSettings = {
				ALWAYS_EMBED_SWIFT_STANDARD_LIBRARIES = YES;
				BUNDLE_LOADER = "$(TEST_HOST)";
				CODE_SIGN_STYLE = Automatic;
				CURRENT_PROJECT_VERSION = 1;
				DEVELOPMENT_TEAM = 83CC37N225;
				GENERATE_INFOPLIST_FILE = YES;
				IPHONEOS_DEPLOYMENT_TARGET = 17.0;
				MARKETING_VERSION = 1.0;
				PRODUCT_BUNDLE_IDENTIFIER = "com.aryan.Appetrizers-appTests";
				PRODUCT_NAME = "$(TARGET_NAME)";
				SWIFT_EMIT_LOC_STRINGS = NO;
				SWIFT_VERSION = 5.0;
				TARGETED_DEVICE_FAMILY = "1,2";
				TEST_HOST = "$(BUILT_PRODUCTS_DIR)/Appetrizers-app.app/$(BUNDLE_EXECUTABLE_FOLDER_PATH)/Appetrizers-app";
			};
			name = Debug;
		};
		F13649C32B05040E001DF65A /* Release */ = {
			isa = XCBuildConfiguration;
			buildSettings = {
				ALWAYS_EMBED_SWIFT_STANDARD_LIBRARIES = YES;
				BUNDLE_LOADER = "$(TEST_HOST)";
				CODE_SIGN_STYLE = Automatic;
				CURRENT_PROJECT_VERSION = 1;
				DEVELOPMENT_TEAM = 83CC37N225;
				GENERATE_INFOPLIST_FILE = YES;
				IPHONEOS_DEPLOYMENT_TARGET = 17.0;
				MARKETING_VERSION = 1.0;
				PRODUCT_BUNDLE_IDENTIFIER = "com.aryan.Appetrizers-appTests";
				PRODUCT_NAME = "$(TARGET_NAME)";
				SWIFT_EMIT_LOC_STRINGS = NO;
				SWIFT_VERSION = 5.0;
				TARGETED_DEVICE_FAMILY = "1,2";
				TEST_HOST = "$(BUILT_PRODUCTS_DIR)/Appetrizers-app.app/$(BUNDLE_EXECUTABLE_FOLDER_PATH)/Appetrizers-app";
			};
			name = Release;
		};
		F13649C52B05040E001DF65A /* Debug */ = {
			isa = XCBuildConfiguration;
			buildSettings = {
				ALWAYS_EMBED_SWIFT_STANDARD_LIBRARIES = YES;
				CODE_SIGN_STYLE = Automatic;
				CURRENT_PROJECT_VERSION = 1;
				DEVELOPMENT_TEAM = 83CC37N225;
				GENERATE_INFOPLIST_FILE = YES;
				MARKETING_VERSION = 1.0;
				PRODUCT_BUNDLE_IDENTIFIER = "com.aryan.Appetrizers-appUITests";
				PRODUCT_NAME = "$(TARGET_NAME)";
				SWIFT_EMIT_LOC_STRINGS = NO;
				SWIFT_VERSION = 5.0;
				TARGETED_DEVICE_FAMILY = "1,2";
				TEST_TARGET_NAME = "Appetrizers-app";
			};
			name = Debug;
		};
		F13649C62B05040E001DF65A /* Release */ = {
			isa = XCBuildConfiguration;
			buildSettings = {
				ALWAYS_EMBED_SWIFT_STANDARD_LIBRARIES = YES;
				CODE_SIGN_STYLE = Automatic;
				CURRENT_PROJECT_VERSION = 1;
				DEVELOPMENT_TEAM = 83CC37N225;
				GENERATE_INFOPLIST_FILE = YES;
				MARKETING_VERSION = 1.0;
				PRODUCT_BUNDLE_IDENTIFIER = "com.aryan.Appetrizers-appUITests";
				PRODUCT_NAME = "$(TARGET_NAME)";
				SWIFT_EMIT_LOC_STRINGS = NO;
				SWIFT_VERSION = 5.0;
				TARGETED_DEVICE_FAMILY = "1,2";
				TEST_TARGET_NAME = "Appetrizers-app";
			};
			name = Release;
		};
/* End XCBuildConfiguration section */

/* Begin XCConfigurationList section */
		F13649952B05040D001DF65A /* Build configuration list for PBXProject "Appetrizers-app" */ = {
			isa = XCConfigurationList;
			buildConfigurations = (
				F13649BC2B05040E001DF65A /* Debug */,
				F13649BD2B05040E001DF65A /* Release */,
			);
			defaultConfigurationIsVisible = 0;
			defaultConfigurationName = Release;
		};
		F13649BE2B05040E001DF65A /* Build configuration list for PBXNativeTarget "Appetrizers-app" */ = {
			isa = XCConfigurationList;
			buildConfigurations = (
				F13649BF2B05040E001DF65A /* Debug */,
				F13649C02B05040E001DF65A /* Release */,
			);
			defaultConfigurationIsVisible = 0;
			defaultConfigurationName = Release;
		};
		F13649C12B05040E001DF65A /* Build configuration list for PBXNativeTarget "Appetrizers-appTests" */ = {
			isa = XCConfigurationList;
			buildConfigurations = (
				F13649C22B05040E001DF65A /* Debug */,
				F13649C32B05040E001DF65A /* Release */,
			);
			defaultConfigurationIsVisible = 0;
			defaultConfigurationName = Release;
		};
		F13649C42B05040E001DF65A /* Build configuration list for PBXNativeTarget "Appetrizers-appUITests" */ = {
			isa = XCConfigurationList;
			buildConfigurations = (
				F13649C52B05040E001DF65A /* Debug */,
				F13649C62B05040E001DF65A /* Release */,
			);
			defaultConfigurationIsVisible = 0;
			defaultConfigurationName = Release;
		};
/* End XCConfigurationList section */
	};
	rootObject = F13649922B05040D001DF65A /* Project object */;
}
